
Microsoft Visual Studio Solution File, Format Version 12.00
# Visual Studio Version 16
VisualStudioVersion = 16.0.30717.126
MinimumVisualStudioVersion = 10.0.40219.1
Project("{FAE04EC0-301F-11D3-BF4B-00C04F79EFBC}") = "HououinBot", "HououinBot\HououinBot.csproj", "{D0B17859-024B-4009-8A85-8549F487C6ED}"
EndProject
Global
	GlobalSection(SolutionConfigurationPlatforms) = preSolution
		Debug|Any CPU = Debug|Any CPU
		Release|Any CPU = Release|Any CPU
	EndGlobalSection
	GlobalSection(ProjectConfigurationPlatforms) = postSolution
		{D0B17859-024B-4009-8A85-8549F487C6ED}.Debug|Any CPU.ActiveCfg = Debug|Any CPU
		{D0B17859-024B-4009-8A85-8549F487C6ED}.Debug|Any CPU.Build.0 = Debug|Any CPU
		{D0B17859-024B-4009-8A85-8549F487C6ED}.Release|Any CPU.ActiveCfg = Release|Any CPU
		{D0B17859-024B-4009-8A85-8549F487C6ED}.Release|Any CPU.Build.0 = Release|Any CPU
	EndGlobalSection
	GlobalSection(SolutionProperties) = preSolution
		HideSolutionNode = FALSE
	EndGlobalSection
	GlobalSection(ExtensibilityGlobals) = postSolution
		SolutionGuid = {96668E92-1BEA-4C90-8CD7-6CB7926A6CAF}
	EndGlobalSection
EndGlobal
